// !$*UTF8*$!
{
	archiveVersion = 1;
	classes = {
	};
	objectVersion = 55;
	objects = {

/* Begin PBXBuildFile section */
		4F2CA45E28531EBB00D3E360 /* Memo.swift in Sources */ = {isa = PBXBuildFile; fileRef = 4F2CA45D28531EBB00D3E360 /* Memo.swift */; };
		4F2CA46028531F8100D3E360 /* MemoStorageType.swift in Sources */ = {isa = PBXBuildFile; fileRef = 4F2CA45F28531F8100D3E360 /* MemoStorageType.swift */; };
		4F2CA464285321B100D3E360 /* MemoryStorage.swift in Sources */ = {isa = PBXBuildFile; fileRef = 4F2CA463285321B100D3E360 /* MemoryStorage.swift */; };
		4F2CA46628533BE800D3E360 /* MemoListViewController.swift in Sources */ = {isa = PBXBuildFile; fileRef = 4F2CA46528533BE800D3E360 /* MemoListViewController.swift */; };
		4F2CA46828533C2300D3E360 /* MemoDetailViewController.swift in Sources */ = {isa = PBXBuildFile; fileRef = 4F2CA46728533C2300D3E360 /* MemoDetailViewController.swift */; };
		4F2CA46A28533C5B00D3E360 /* MemoComposeViewController.swift in Sources */ = {isa = PBXBuildFile; fileRef = 4F2CA46928533C5B00D3E360 /* MemoComposeViewController.swift */; };
		4F2CA46C28533CEE00D3E360 /* MemoListViewModel.swift in Sources */ = {isa = PBXBuildFile; fileRef = 4F2CA46B28533CEE00D3E360 /* MemoListViewModel.swift */; };
		4F2CA46E28533D1400D3E360 /* MemoDetailViewModel.swift in Sources */ = {isa = PBXBuildFile; fileRef = 4F2CA46D28533D1400D3E360 /* MemoDetailViewModel.swift */; };
		4F2CA47028533D2F00D3E360 /* MemoComposeViewModel.swift in Sources */ = {isa = PBXBuildFile; fileRef = 4F2CA46F28533D2F00D3E360 /* MemoComposeViewModel.swift */; };
		4F2CA47228533D7A00D3E360 /* ViewModelBindableType.swift in Sources */ = {isa = PBXBuildFile; fileRef = 4F2CA47128533D7A00D3E360 /* ViewModelBindableType.swift */; };
		4F3F684F2853191400996C68 /* AppDelegate.swift in Sources */ = {isa = PBXBuildFile; fileRef = 4F3F684E2853191400996C68 /* AppDelegate.swift */; };
		4F3F68512853191400996C68 /* SceneDelegate.swift in Sources */ = {isa = PBXBuildFile; fileRef = 4F3F68502853191400996C68 /* SceneDelegate.swift */; };
		4F3F68562853191400996C68 /* Main.storyboard in Resources */ = {isa = PBXBuildFile; fileRef = 4F3F68542853191400996C68 /* Main.storyboard */; };
		4F3F68592853191400996C68 /* Memo_Rx.xcdatamodeld in Sources */ = {isa = PBXBuildFile; fileRef = 4F3F68572853191400996C68 /* Memo_Rx.xcdatamodeld */; };
		4F3F685B2853191500996C68 /* Assets.xcassets in Resources */ = {isa = PBXBuildFile; fileRef = 4F3F685A2853191500996C68 /* Assets.xcassets */; };
		4F3F685E2853191500996C68 /* LaunchScreen.storyboard in Resources */ = {isa = PBXBuildFile; fileRef = 4F3F685C2853191500996C68 /* LaunchScreen.storyboard */; };
		4FD6C026285721250082463C /* TransitionModel.swift in Sources */ = {isa = PBXBuildFile; fileRef = 4FD6C025285721250082463C /* TransitionModel.swift */; };
		4FD6C028285721830082463C /* Scene.swift in Sources */ = {isa = PBXBuildFile; fileRef = 4FD6C027285721830082463C /* Scene.swift */; };
		4FD6C02A285725400082463C /* SceneCoordinatorType.swift in Sources */ = {isa = PBXBuildFile; fileRef = 4FD6C029285725400082463C /* SceneCoordinatorType.swift */; };
		4FD6C02C285726890082463C /* SceneCoordinator.swift in Sources */ = {isa = PBXBuildFile; fileRef = 4FD6C02B285726890082463C /* SceneCoordinator.swift */; };
		4FD6C02E28572B5A0082463C /* CommonViewModel.swift in Sources */ = {isa = PBXBuildFile; fileRef = 4FD6C02D28572B5A0082463C /* CommonViewModel.swift */; };
		867D1040C3215FC01F3A3D16 /* Pods_Memo_Rx.framework in Frameworks */ = {isa = PBXBuildFile; fileRef = DE3FCCC8688885E20463B606 /* Pods_Memo_Rx.framework */; };
/* End PBXBuildFile section */

/* Begin PBXFileReference section */
		4F2CA45D28531EBB00D3E360 /* Memo.swift */ = {isa = PBXFileReference; lastKnownFileType = sourcecode.swift; path = Memo.swift; sourceTree = "<group>"; };
		4F2CA45F28531F8100D3E360 /* MemoStorageType.swift */ = {isa = PBXFileReference; lastKnownFileType = sourcecode.swift; path = MemoStorageType.swift; sourceTree = "<group>"; };
		4F2CA463285321B100D3E360 /* MemoryStorage.swift */ = {isa = PBXFileReference; lastKnownFileType = sourcecode.swift; path = MemoryStorage.swift; sourceTree = "<group>"; };
		4F2CA46528533BE800D3E360 /* MemoListViewController.swift */ = {isa = PBXFileReference; lastKnownFileType = sourcecode.swift; path = MemoListViewController.swift; sourceTree = "<group>"; };
		4F2CA46728533C2300D3E360 /* MemoDetailViewController.swift */ = {isa = PBXFileReference; lastKnownFileType = sourcecode.swift; path = MemoDetailViewController.swift; sourceTree = "<group>"; };
		4F2CA46928533C5B00D3E360 /* MemoComposeViewController.swift */ = {isa = PBXFileReference; lastKnownFileType = sourcecode.swift; path = MemoComposeViewController.swift; sourceTree = "<group>"; };
		4F2CA46B28533CEE00D3E360 /* MemoListViewModel.swift */ = {isa = PBXFileReference; lastKnownFileType = sourcecode.swift; path = MemoListViewModel.swift; sourceTree = "<group>"; };
		4F2CA46D28533D1400D3E360 /* MemoDetailViewModel.swift */ = {isa = PBXFileReference; lastKnownFileType = sourcecode.swift; path = MemoDetailViewModel.swift; sourceTree = "<group>"; };
		4F2CA46F28533D2F00D3E360 /* MemoComposeViewModel.swift */ = {isa = PBXFileReference; lastKnownFileType = sourcecode.swift; path = MemoComposeViewModel.swift; sourceTree = "<group>"; };
		4F2CA47128533D7A00D3E360 /* ViewModelBindableType.swift */ = {isa = PBXFileReference; lastKnownFileType = sourcecode.swift; path = ViewModelBindableType.swift; sourceTree = "<group>"; };
		4F3F684B2853191400996C68 /* Memo_Rx.app */ = {isa = PBXFileReference; explicitFileType = wrapper.application; includeInIndex = 0; path = Memo_Rx.app; sourceTree = BUILT_PRODUCTS_DIR; };
		4F3F684E2853191400996C68 /* AppDelegate.swift */ = {isa = PBXFileReference; lastKnownFileType = sourcecode.swift; path = AppDelegate.swift; sourceTree = "<group>"; };
		4F3F68502853191400996C68 /* SceneDelegate.swift */ = {isa = PBXFileReference; lastKnownFileType = sourcecode.swift; path = SceneDelegate.swift; sourceTree = "<group>"; };
		4F3F68552853191400996C68 /* Base */ = {isa = PBXFileReference; lastKnownFileType = file.storyboard; name = Base; path = Base.lproj/Main.storyboard; sourceTree = "<group>"; };
		4F3F68582853191400996C68 /* Memo_Rx.xcdatamodel */ = {isa = PBXFileReference; lastKnownFileType = wrapper.xcdatamodel; path = Memo_Rx.xcdatamodel; sourceTree = "<group>"; };
		4F3F685A2853191500996C68 /* Assets.xcassets */ = {isa = PBXFileReference; lastKnownFileType = folder.assetcatalog; path = Assets.xcassets; sourceTree = "<group>"; };
		4F3F685D2853191500996C68 /* Base */ = {isa = PBXFileReference; lastKnownFileType = file.storyboard; name = Base; path = Base.lproj/LaunchScreen.storyboard; sourceTree = "<group>"; };
		4F3F685F2853191500996C68 /* Info.plist */ = {isa = PBXFileReference; lastKnownFileType = text.plist.xml; path = Info.plist; sourceTree = "<group>"; };
		4FD6C025285721250082463C /* TransitionModel.swift */ = {isa = PBXFileReference; lastKnownFileType = sourcecode.swift; path = TransitionModel.swift; sourceTree = "<group>"; };
		4FD6C027285721830082463C /* Scene.swift */ = {isa = PBXFileReference; lastKnownFileType = sourcecode.swift; path = Scene.swift; sourceTree = "<group>"; };
		4FD6C029285725400082463C /* SceneCoordinatorType.swift */ = {isa = PBXFileReference; lastKnownFileType = sourcecode.swift; path = SceneCoordinatorType.swift; sourceTree = "<group>"; };
		4FD6C02B285726890082463C /* SceneCoordinator.swift */ = {isa = PBXFileReference; lastKnownFileType = sourcecode.swift; path = SceneCoordinator.swift; sourceTree = "<group>"; };
		4FD6C02D28572B5A0082463C /* CommonViewModel.swift */ = {isa = PBXFileReference; lastKnownFileType = sourcecode.swift; path = CommonViewModel.swift; sourceTree = "<group>"; };
		5EEDDE15F1C13E578EBB584B /* Pods-Memo_Rx.release.xcconfig */ = {isa = PBXFileReference; includeInIndex = 1; lastKnownFileType = text.xcconfig; name = "Pods-Memo_Rx.release.xcconfig"; path = "Target Support Files/Pods-Memo_Rx/Pods-Memo_Rx.release.xcconfig"; sourceTree = "<group>"; };
		BF81C2711C6435DC8B90C8EC /* Pods-Memo_Rx.debug.xcconfig */ = {isa = PBXFileReference; includeInIndex = 1; lastKnownFileType = text.xcconfig; name = "Pods-Memo_Rx.debug.xcconfig"; path = "Target Support Files/Pods-Memo_Rx/Pods-Memo_Rx.debug.xcconfig"; sourceTree = "<group>"; };
		DE3FCCC8688885E20463B606 /* Pods_Memo_Rx.framework */ = {isa = PBXFileReference; explicitFileType = wrapper.framework; includeInIndex = 0; path = Pods_Memo_Rx.framework; sourceTree = BUILT_PRODUCTS_DIR; };
/* End PBXFileReference section */

/* Begin PBXFrameworksBuildPhase section */
		4F3F68482853191400996C68 /* Frameworks */ = {
			isa = PBXFrameworksBuildPhase;
			buildActionMask = 2147483647;
			files = (
				867D1040C3215FC01F3A3D16 /* Pods_Memo_Rx.framework in Frameworks */,
			);
			runOnlyForDeploymentPostprocessing = 0;
		};
/* End PBXFrameworksBuildPhase section */

/* Begin PBXGroup section */
		2B858BC37A59BCF809A25CE3 /* Frameworks */ = {
			isa = PBXGroup;
			children = (
				DE3FCCC8688885E20463B606 /* Pods_Memo_Rx.framework */,
			);
			name = Frameworks;
			sourceTree = "<group>";
		};
		375FCAE634A613ACB9597DB8 /* Pods */ = {
			isa = PBXGroup;
			children = (
				BF81C2711C6435DC8B90C8EC /* Pods-Memo_Rx.debug.xcconfig */,
				5EEDDE15F1C13E578EBB584B /* Pods-Memo_Rx.release.xcconfig */,
			);
			path = Pods;
			sourceTree = "<group>";
		};
		4F2CA45828531B9100D3E360 /* Model */ = {
			isa = PBXGroup;
			children = (
				4F2CA45D28531EBB00D3E360 /* Memo.swift */,
			);
			path = Model;
			sourceTree = "<group>";
		};
		4F2CA45928531BA100D3E360 /* ViewController */ = {
			isa = PBXGroup;
			children = (
				4F3F68542853191400996C68 /* Main.storyboard */,
				4F3F685C2853191500996C68 /* LaunchScreen.storyboard */,
				4F2CA46528533BE800D3E360 /* MemoListViewController.swift */,
				4F2CA46728533C2300D3E360 /* MemoDetailViewController.swift */,
				4F2CA46928533C5B00D3E360 /* MemoComposeViewController.swift */,
			);
			path = ViewController;
			sourceTree = "<group>";
		};
		4F2CA45A28531BAE00D3E360 /* ViewModel */ = {
			isa = PBXGroup;
			children = (
				4F2CA46B28533CEE00D3E360 /* MemoListViewModel.swift */,
				4F2CA46D28533D1400D3E360 /* MemoDetailViewModel.swift */,
				4F2CA46F28533D2F00D3E360 /* MemoComposeViewModel.swift */,
				4F2CA47128533D7A00D3E360 /* ViewModelBindableType.swift */,
				4FD6C02D28572B5A0082463C /* CommonViewModel.swift */,
			);
			path = ViewModel;
			sourceTree = "<group>";
		};
		4F2CA45B28531BC600D3E360 /* Service */ = {
			isa = PBXGroup;
			children = (
				4F2CA4622853217B00D3E360 /* CoreDataStorage */,
				4F2CA4612853216900D3E360 /* MemoryStorage */,
				4F2CA45F28531F8100D3E360 /* MemoStorageType.swift */,
			);
			path = Service;
			sourceTree = "<group>";
		};
		4F2CA45C28531BDD00D3E360 /* Scene */ = {
			isa = PBXGroup;
			children = (
				4FD6C025285721250082463C /* TransitionModel.swift */,
				4FD6C027285721830082463C /* Scene.swift */,
				4FD6C029285725400082463C /* SceneCoordinatorType.swift */,
				4FD6C02B285726890082463C /* SceneCoordinator.swift */,
			);
			path = Scene;
			sourceTree = "<group>";
		};
		4F2CA4612853216900D3E360 /* MemoryStorage */ = {
			isa = PBXGroup;
			children = (
				4F2CA463285321B100D3E360 /* MemoryStorage.swift */,
			);
			path = MemoryStorage;
			sourceTree = "<group>";
		};
		4F2CA4622853217B00D3E360 /* CoreDataStorage */ = {
			isa = PBXGroup;
			children = (
				4F3F68572853191400996C68 /* Memo_Rx.xcdatamodeld */,
			);
			path = CoreDataStorage;
			sourceTree = "<group>";
		};
		4F3F68422853191400996C68 = {
			isa = PBXGroup;
			children = (
				4F3F684D2853191400996C68 /* Memo_Rx */,
				4F3F684C2853191400996C68 /* Products */,
				375FCAE634A613ACB9597DB8 /* Pods */,
				2B858BC37A59BCF809A25CE3 /* Frameworks */,
			);
			sourceTree = "<group>";
		};
		4F3F684C2853191400996C68 /* Products */ = {
			isa = PBXGroup;
			children = (
				4F3F684B2853191400996C68 /* Memo_Rx.app */,
			);
			name = Products;
			sourceTree = "<group>";
		};
		4F3F684D2853191400996C68 /* Memo_Rx */ = {
			isa = PBXGroup;
			children = (
				4F2CA45C28531BDD00D3E360 /* Scene */,
				4F2CA45B28531BC600D3E360 /* Service */,
				4F2CA45A28531BAE00D3E360 /* ViewModel */,
				4F2CA45928531BA100D3E360 /* ViewController */,
				4F2CA45828531B9100D3E360 /* Model */,
				4F3F684E2853191400996C68 /* AppDelegate.swift */,
				4F3F68502853191400996C68 /* SceneDelegate.swift */,
				4F3F685A2853191500996C68 /* Assets.xcassets */,
				4F3F685F2853191500996C68 /* Info.plist */,
			);
			path = Memo_Rx;
			sourceTree = "<group>";
		};
/* End PBXGroup section */

/* Begin PBXNativeTarget section */
		4F3F684A2853191400996C68 /* Memo_Rx */ = {
			isa = PBXNativeTarget;
			buildConfigurationList = 4F3F68622853191500996C68 /* Build configuration list for PBXNativeTarget "Memo_Rx" */;
			buildPhases = (
				366F6F22822E05BC5249A4EE /* [CP] Check Pods Manifest.lock */,
				4F3F68472853191400996C68 /* Sources */,
				4F3F68482853191400996C68 /* Frameworks */,
				4F3F68492853191400996C68 /* Resources */,
				7D0B3EB818CA433B12A5D940 /* [CP] Embed Pods Frameworks */,
			);
			buildRules = (
			);
			dependencies = (
			);
			name = Memo_Rx;
			productName = Memo_Rx;
			productReference = 4F3F684B2853191400996C68 /* Memo_Rx.app */;
			productType = "com.apple.product-type.application";
		};
/* End PBXNativeTarget section */

/* Begin PBXProject section */
		4F3F68432853191400996C68 /* Project object */ = {
			isa = PBXProject;
			attributes = {
				BuildIndependentTargetsInParallel = 1;
				LastSwiftUpdateCheck = 1340;
				LastUpgradeCheck = 1340;
				TargetAttributes = {
					4F3F684A2853191400996C68 = {
						CreatedOnToolsVersion = 13.4;
					};
				};
			};
			buildConfigurationList = 4F3F68462853191400996C68 /* Build configuration list for PBXProject "Memo_Rx" */;
			compatibilityVersion = "Xcode 13.0";
			developmentRegion = en;
			hasScannedForEncodings = 0;
			knownRegions = (
				en,
				Base,
			);
			mainGroup = 4F3F68422853191400996C68;
			productRefGroup = 4F3F684C2853191400996C68 /* Products */;
			projectDirPath = "";
			projectRoot = "";
			targets = (
				4F3F684A2853191400996C68 /* Memo_Rx */,
			);
		};
/* End PBXProject section */

/* Begin PBXResourcesBuildPhase section */
		4F3F68492853191400996C68 /* Resources */ = {
			isa = PBXResourcesBuildPhase;
			buildActionMask = 2147483647;
			files = (
				4F3F685E2853191500996C68 /* LaunchScreen.storyboard in Resources */,
				4F3F685B2853191500996C68 /* Assets.xcassets in Resources */,
				4F3F68562853191400996C68 /* Main.storyboard in Resources */,
			);
			runOnlyForDeploymentPostprocessing = 0;
		};
/* End PBXResourcesBuildPhase section */

/* Begin PBXShellScriptBuildPhase section */
		366F6F22822E05BC5249A4EE /* [CP] Check Pods Manifest.lock */ = {
			isa = PBXShellScriptBuildPhase;
			buildActionMask = 2147483647;
			files = (
			);
			inputFileListPaths = (
			);
			inputPaths = (
				"${PODS_PODFILE_DIR_PATH}/Podfile.lock",
				"${PODS_ROOT}/Manifest.lock",
			);
			name = "[CP] Check Pods Manifest.lock";
			outputFileListPaths = (
			);
			outputPaths = (
				"$(DERIVED_FILE_DIR)/Pods-Memo_Rx-checkManifestLockResult.txt",
			);
			runOnlyForDeploymentPostprocessing = 0;
			shellPath = /bin/sh;
			shellScript = "diff \"${PODS_PODFILE_DIR_PATH}/Podfile.lock\" \"${PODS_ROOT}/Manifest.lock\" > /dev/null\nif [ $? != 0 ] ; then\n    # print error to STDERR\n    echo \"error: The sandbox is not in sync with the Podfile.lock. Run 'pod install' or update your CocoaPods installation.\" >&2\n    exit 1\nfi\n# This output is used by Xcode 'outputs' to avoid re-running this script phase.\necho \"SUCCESS\" > \"${SCRIPT_OUTPUT_FILE_0}\"\n";
			showEnvVarsInLog = 0;
		};
		7D0B3EB818CA433B12A5D940 /* [CP] Embed Pods Frameworks */ = {
			isa = PBXShellScriptBuildPhase;
			buildActionMask = 2147483647;
			files = (
			);
			inputFileListPaths = (
				"${PODS_ROOT}/Target Support Files/Pods-Memo_Rx/Pods-Memo_Rx-frameworks-${CONFIGURATION}-input-files.xcfilelist",
			);
			name = "[CP] Embed Pods Frameworks";
			outputFileListPaths = (
				"${PODS_ROOT}/Target Support Files/Pods-Memo_Rx/Pods-Memo_Rx-frameworks-${CONFIGURATION}-output-files.xcfilelist",
			);
			runOnlyForDeploymentPostprocessing = 0;
			shellPath = /bin/sh;
			shellScript = "\"${PODS_ROOT}/Target Support Files/Pods-Memo_Rx/Pods-Memo_Rx-frameworks.sh\"\n";
			showEnvVarsInLog = 0;
		};
/* End PBXShellScriptBuildPhase section */

/* Begin PBXSourcesBuildPhase section */
		4F3F68472853191400996C68 /* Sources */ = {
			isa = PBXSourcesBuildPhase;
			buildActionMask = 2147483647;
			files = (
				4F2CA464285321B100D3E360 /* MemoryStorage.swift in Sources */,
				4F2CA47028533D2F00D3E360 /* MemoComposeViewModel.swift in Sources */,
				4FD6C02C285726890082463C /* SceneCoordinator.swift in Sources */,
				4FD6C028285721830082463C /* Scene.swift in Sources */,
				4F2CA46828533C2300D3E360 /* MemoDetailViewController.swift in Sources */,
				4F2CA47228533D7A00D3E360 /* ViewModelBindableType.swift in Sources */,
				4F3F684F2853191400996C68 /* AppDelegate.swift in Sources */,
				4FD6C02A285725400082463C /* SceneCoordinatorType.swift in Sources */,
				4F2CA46028531F8100D3E360 /* MemoStorageType.swift in Sources */,
				4F3F68512853191400996C68 /* SceneDelegate.swift in Sources */,
				4F3F68592853191400996C68 /* Memo_Rx.xcdatamodeld in Sources */,
				4F2CA46C28533CEE00D3E360 /* MemoListViewModel.swift in Sources */,
				4F2CA46E28533D1400D3E360 /* MemoDetailViewModel.swift in Sources */,
				4FD6C02E28572B5A0082463C /* CommonViewModel.swift in Sources */,
				4FD6C026285721250082463C /* TransitionModel.swift in Sources */,
				4F2CA46628533BE800D3E360 /* MemoListViewController.swift in Sources */,
				4F2CA46A28533C5B00D3E360 /* MemoComposeViewController.swift in Sources */,
				4F2CA45E28531EBB00D3E360 /* Memo.swift in Sources */,
			);
			runOnlyForDeploymentPostprocessing = 0;
		};
/* End PBXSourcesBuildPhase section */

/* Begin PBXVariantGroup section */
		4F3F68542853191400996C68 /* Main.storyboard */ = {
			isa = PBXVariantGroup;
			children = (
				4F3F68552853191400996C68 /* Base */,
			);
			name = Main.storyboard;
			sourceTree = "<group>";
		};
		4F3F685C2853191500996C68 /* LaunchScreen.storyboard */ = {
			isa = PBXVariantGroup;
			children = (
				4F3F685D2853191500996C68 /* Base */,
			);
			name = LaunchScreen.storyboard;
			sourceTree = "<group>";
		};
/* End PBXVariantGroup section */

/* Begin XCBuildConfiguration section */
		4F3F68602853191500996C68 /* Debug */ = {
			isa = XCBuildConfiguration;
			buildSettings = {
				ALWAYS_SEARCH_USER_PATHS = NO;
				CLANG_ANALYZER_NONNULL = YES;
				CLANG_ANALYZER_NUMBER_OBJECT_CONVERSION = YES_AGGRESSIVE;
				CLANG_CXX_LANGUAGE_STANDARD = "gnu++17";
				CLANG_ENABLE_MODULES = YES;
				CLANG_ENABLE_OBJC_ARC = YES;
				CLANG_ENABLE_OBJC_WEAK = YES;
				CLANG_WARN_BLOCK_CAPTURE_AUTORELEASING = YES;
				CLANG_WARN_BOOL_CONVERSION = YES;
				CLANG_WARN_COMMA = YES;
				CLANG_WARN_CONSTANT_CONVERSION = YES;
				CLANG_WARN_DEPRECATED_OBJC_IMPLEMENTATIONS = YES;
				CLANG_WARN_DIRECT_OBJC_ISA_USAGE = YES_ERROR;
				CLANG_WARN_DOCUMENTATION_COMMENTS = YES;
				CLANG_WARN_EMPTY_BODY = YES;
				CLANG_WARN_ENUM_CONVERSION = YES;
				CLANG_WARN_INFINITE_RECURSION = YES;
				CLANG_WARN_INT_CONVERSION = YES;
				CLANG_WARN_NON_LITERAL_NULL_CONVERSION = YES;
				CLANG_WARN_OBJC_IMPLICIT_RETAIN_SELF = YES;
				CLANG_WARN_OBJC_LITERAL_CONVERSION = YES;
				CLANG_WARN_OBJC_ROOT_CLASS = YES_ERROR;
				CLANG_WARN_QUOTED_INCLUDE_IN_FRAMEWORK_HEADER = YES;
				CLANG_WARN_RANGE_LOOP_ANALYSIS = YES;
				CLANG_WARN_STRICT_PROTOTYPES = YES;
				CLANG_WARN_SUSPICIOUS_MOVE = YES;
				CLANG_WARN_UNGUARDED_AVAILABILITY = YES_AGGRESSIVE;
				CLANG_WARN_UNREACHABLE_CODE = YES;
				CLANG_WARN__DUPLICATE_METHOD_MATCH = YES;
				COPY_PHASE_STRIP = NO;
				DEBUG_INFORMATION_FORMAT = dwarf;
				ENABLE_STRICT_OBJC_MSGSEND = YES;
				ENABLE_TESTABILITY = YES;
				GCC_C_LANGUAGE_STANDARD = gnu11;
				GCC_DYNAMIC_NO_PIC = NO;
				GCC_NO_COMMON_BLOCKS = YES;
				GCC_OPTIMIZATION_LEVEL = 0;
				GCC_PREPROCESSOR_DEFINITIONS = (
					"DEBUG=1",
					"$(inherited)",
				);
				GCC_WARN_64_TO_32_BIT_CONVERSION = YES;
				GCC_WARN_ABOUT_RETURN_TYPE = YES_ERROR;
				GCC_WARN_UNDECLARED_SELECTOR = YES;
				GCC_WARN_UNINITIALIZED_AUTOS = YES_AGGRESSIVE;
				GCC_WARN_UNUSED_FUNCTION = YES;
				GCC_WARN_UNUSED_VARIABLE = YES;
				IPHONEOS_DEPLOYMENT_TARGET = 15.5;
				MTL_ENABLE_DEBUG_INFO = INCLUDE_SOURCE;
				MTL_FAST_MATH = YES;
				ONLY_ACTIVE_ARCH = YES;
				SDKROOT = iphoneos;
				SWIFT_ACTIVE_COMPILATION_CONDITIONS = DEBUG;
				SWIFT_OPTIMIZATION_LEVEL = "-Onone";
			};
			name = Debug;
		};
		4F3F68612853191500996C68 /* Release */ = {
			isa = XCBuildConfiguration;
			buildSettings = {
				ALWAYS_SEARCH_USER_PATHS = NO;
				CLANG_ANALYZER_NONNULL = YES;
				CLANG_ANALYZER_NUMBER_OBJECT_CONVERSION = YES_AGGRESSIVE;
				CLANG_CXX_LANGUAGE_STANDARD = "gnu++17";
				CLANG_ENABLE_MODULES = YES;
				CLANG_ENABLE_OBJC_ARC = YES;
				CLANG_ENABLE_OBJC_WEAK = YES;
				CLANG_WARN_BLOCK_CAPTURE_AUTORELEASING = YES;
				CLANG_WARN_BOOL_CONVERSION = YES;
				CLANG_WARN_COMMA = YES;
				CLANG_WARN_CONSTANT_CONVERSION = YES;
				CLANG_WARN_DEPRECATED_OBJC_IMPLEMENTATIONS = YES;
				CLANG_WARN_DIRECT_OBJC_ISA_USAGE = YES_ERROR;
				CLANG_WARN_DOCUMENTATION_COMMENTS = YES;
				CLANG_WARN_EMPTY_BODY = YES;
				CLANG_WARN_ENUM_CONVERSION = YES;
				CLANG_WARN_INFINITE_RECURSION = YES;
				CLANG_WARN_INT_CONVERSION = YES;
				CLANG_WARN_NON_LITERAL_NULL_CONVERSION = YES;
				CLANG_WARN_OBJC_IMPLICIT_RETAIN_SELF = YES;
				CLANG_WARN_OBJC_LITERAL_CONVERSION = YES;
				CLANG_WARN_OBJC_ROOT_CLASS = YES_ERROR;
				CLANG_WARN_QUOTED_INCLUDE_IN_FRAMEWORK_HEADER = YES;
				CLANG_WARN_RANGE_LOOP_ANALYSIS = YES;
				CLANG_WARN_STRICT_PROTOTYPES = YES;
				CLANG_WARN_SUSPICIOUS_MOVE = YES;
				CLANG_WARN_UNGUARDED_AVAILABILITY = YES_AGGRESSIVE;
				CLANG_WARN_UNREACHABLE_CODE = YES;
				CLANG_WARN__DUPLICATE_METHOD_MATCH = YES;
				COPY_PHASE_STRIP = NO;
				DEBUG_INFORMATION_FORMAT = "dwarf-with-dsym";
				ENABLE_NS_ASSERTIONS = NO;
				ENABLE_STRICT_OBJC_MSGSEND = YES;
				GCC_C_LANGUAGE_STANDARD = gnu11;
				GCC_NO_COMMON_BLOCKS = YES;
				GCC_WARN_64_TO_32_BIT_CONVERSION = YES;
				GCC_WARN_ABOUT_RETURN_TYPE = YES_ERROR;
				GCC_WARN_UNDECLARED_SELECTOR = YES;
				GCC_WARN_UNINITIALIZED_AUTOS = YES_AGGRESSIVE;
				GCC_WARN_UNUSED_FUNCTION = YES;
				GCC_WARN_UNUSED_VARIABLE = YES;
				IPHONEOS_DEPLOYMENT_TARGET = 15.5;
				MTL_ENABLE_DEBUG_INFO = NO;
				MTL_FAST_MATH = YES;
				SDKROOT = iphoneos;
				SWIFT_COMPILATION_MODE = wholemodule;
				SWIFT_OPTIMIZATION_LEVEL = "-O";
				VALIDATE_PRODUCT = YES;
			};
			name = Release;
		};
		4F3F68632853191500996C68 /* Debug */ = {
			isa = XCBuildConfiguration;
			baseConfigurationReference = BF81C2711C6435DC8B90C8EC /* Pods-Memo_Rx.debug.xcconfig */;
			buildSettings = {
				ASSETCATALOG_COMPILER_APPICON_NAME = AppIcon;
				ASSETCATALOG_COMPILER_GLOBAL_ACCENT_COLOR_NAME = AccentColor;
				CODE_SIGN_STYLE = Automatic;
				CURRENT_PROJECT_VERSION = 1;
				DEVELOPMENT_TEAM = 74HVCP3R5F;
				GENERATE_INFOPLIST_FILE = YES;
				INFOPLIST_FILE = Memo_Rx/Info.plist;
				INFOPLIST_KEY_UIApplicationSupportsIndirectInputEvents = YES;
				INFOPLIST_KEY_UILaunchStoryboardName = LaunchScreen;
				INFOPLIST_KEY_UIMainStoryboardFile = Main;
				INFOPLIST_KEY_UISupportedInterfaceOrientations_iPad = "UIInterfaceOrientationPortrait UIInterfaceOrientationPortraitUpsideDown UIInterfaceOrientationLandscapeLeft UIInterfaceOrientationLandscapeRight";
				INFOPLIST_KEY_UISupportedInterfaceOrientations_iPhone = "UIInterfaceOrientationPortrait UIInterfaceOrientationLandscapeLeft UIInterfaceOrientationLandscapeRight";
				IPHONEOS_DEPLOYMENT_TARGET = 13.0;
				LD_RUNPATH_SEARCH_PATHS = (
					"$(inherited)",
					"@executable_path/Frameworks",
				);
				MARKETING_VERSION = 1.0;
				PRODUCT_BUNDLE_IDENTIFIER = "com.wydryd.Memo-Rx";
				PRODUCT_NAME = "$(TARGET_NAME)";
				SWIFT_EMIT_LOC_STRINGS = YES;
				SWIFT_VERSION = 5.0;
				TARGETED_DEVICE_FAMILY = "1,2";
			};
			name = Debug;
		};
		4F3F68642853191500996C68 /* Release */ = {
			isa = XCBuildConfiguration;
			baseConfigurationReference = 5EEDDE15F1C13E578EBB584B /* Pods-Memo_Rx.release.xcconfig */;
			buildSettings = {
				ASSETCATALOG_COMPILER_APPICON_NAME = AppIcon;
				ASSETCATALOG_COMPILER_GLOBAL_ACCENT_COLOR_NAME = AccentColor;
				CODE_SIGN_STYLE = Automatic;
				CURRENT_PROJECT_VERSION = 1;
				DEVELOPMENT_TEAM = 74HVCP3R5F;
				GENERATE_INFOPLIST_FILE = YES;
				INFOPLIST_FILE = Memo_Rx/Info.plist;
				INFOPLIST_KEY_UIApplicationSupportsIndirectInputEvents = YES;
				INFOPLIST_KEY_UILaunchStoryboardName = LaunchScreen;
				INFOPLIST_KEY_UIMainStoryboardFile = Main;
				INFOPLIST_KEY_UISupportedInterfaceOrientations_iPad = "UIInterfaceOrientationPortrait UIInterfaceOrientationPortraitUpsideDown UIInterfaceOrientationLandscapeLeft UIInterfaceOrientationLandscapeRight";
				INFOPLIST_KEY_UISupportedInterfaceOrientations_iPhone = "UIInterfaceOrientationPortrait UIInterfaceOrientationLandscapeLeft UIInterfaceOrientationLandscapeRight";
				IPHONEOS_DEPLOYMENT_TARGET = 13.0;
				LD_RUNPATH_SEARCH_PATHS = (
					"$(inherited)",
					"@executable_path/Frameworks",
				);
				MARKETING_VERSION = 1.0;
				PRODUCT_BUNDLE_IDENTIFIER = "com.wydryd.Memo-Rx";
				PRODUCT_NAME = "$(TARGET_NAME)";
				SWIFT_EMIT_LOC_STRINGS = YES;
				SWIFT_VERSION = 5.0;
				TARGETED_DEVICE_FAMILY = "1,2";
			};
			name = Release;
		};
/* End XCBuildConfiguration section */

/* Begin XCConfigurationList section */
		4F3F68462853191400996C68 /* Build configuration list for PBXProject "Memo_Rx" */ = {
			isa = XCConfigurationList;
			buildConfigurations = (
				4F3F68602853191500996C68 /* Debug */,
				4F3F68612853191500996C68 /* Release */,
			);
			defaultConfigurationIsVisible = 0;
			defaultConfigurationName = Release;
		};
		4F3F68622853191500996C68 /* Build configuration list for PBXNativeTarget "Memo_Rx" */ = {
			isa = XCConfigurationList;
			buildConfigurations = (
				4F3F68632853191500996C68 /* Debug */,
				4F3F68642853191500996C68 /* Release */,
			);
			defaultConfigurationIsVisible = 0;
			defaultConfigurationName = Release;
		};
/* End XCConfigurationList section */

/* Begin XCVersionGroup section */
		4F3F68572853191400996C68 /* Memo_Rx.xcdatamodeld */ = {
			isa = XCVersionGroup;
			children = (
				4F3F68582853191400996C68 /* Memo_Rx.xcdatamodel */,
			);
			currentVersion = 4F3F68582853191400996C68 /* Memo_Rx.xcdatamodel */;
			path = Memo_Rx.xcdatamodeld;
			sourceTree = "<group>";
			versionGroupType = wrapper.xcdatamodel;
		};
/* End XCVersionGroup section */
	};
	rootObject = 4F3F68432853191400996C68 /* Project object */;
}
